
Microsoft Visual Studio Solution File, Format Version 12.00
# Visual Studio Version 17
VisualStudioVersion = 17.3.32929.385
MinimumVisualStudioVersion = 10.0.40219.1
Project("{FAE04EC0-301F-11D3-BF4B-00C04F79EFBC}") = "OnlineShop.Domain", "OnlineShop.Domain\OnlineShop.Domain.csproj", "{24217D9C-7121-4F8D-B531-C3CEECB40934}"
EndProject
Project("{FAE04EC0-301F-11D3-BF4B-00C04F79EFBC}") = "OnlineShop.InfraStructre", "OnlineShop.InfraStructre\OnlineShop.InfraStructre.csproj", "{4062297B-2D99-46C8-B41D-4601F490BF25}"
EndProject
Project("{FAE04EC0-301F-11D3-BF4B-00C04F79EFBC}") = "OnlineShop.Service", "OnlineShop.Service\OnlineShop.Service.csproj", "{A8D01AFA-DF13-4982-824B-7C0D68D03543}"
EndProject
Project("{FAE04EC0-301F-11D3-BF4B-00C04F79EFBC}") = "OnlineShop.API", "OnlineShop.API\OnlineShop.API.csproj", "{61EC8966-358A-4E6B-B609-7911AEC7FC98}"
EndProject
Global
	GlobalSection(SolutionConfigurationPlatforms) = preSolution
		Debug|Any CPU = Debug|Any CPU
		Release|Any CPU = Release|Any CPU
	EndGlobalSection
	GlobalSection(ProjectConfigurationPlatforms) = postSolution
		{24217D9C-7121-4F8D-B531-C3CEECB40934}.Debug|Any CPU.ActiveCfg = Debug|Any CPU
		{24217D9C-7121-4F8D-B531-C3CEECB40934}.Debug|Any CPU.Build.0 = Debug|Any CPU
		{24217D9C-7121-4F8D-B531-C3CEECB40934}.Release|Any CPU.ActiveCfg = Release|Any CPU
		{24217D9C-7121-4F8D-B531-C3CEECB40934}.Release|Any CPU.Build.0 = Release|Any CPU
		{4062297B-2D99-46C8-B41D-4601F490BF25}.Debug|Any CPU.ActiveCfg = Debug|Any CPU
		{4062297B-2D99-46C8-B41D-4601F490BF25}.Debug|Any CPU.Build.0 = Debug|Any CPU
		{4062297B-2D99-46C8-B41D-4601F490BF25}.Release|Any CPU.ActiveCfg = Release|Any CPU
		{4062297B-2D99-46C8-B41D-4601F490BF25}.Release|Any CPU.Build.0 = Release|Any CPU
		{A8D01AFA-DF13-4982-824B-7C0D68D03543}.Debug|Any CPU.ActiveCfg = Debug|Any CPU
		{A8D01AFA-DF13-4982-824B-7C0D68D03543}.Debug|Any CPU.Build.0 = Debug|Any CPU
		{A8D01AFA-DF13-4982-824B-7C0D68D03543}.Release|Any CPU.ActiveCfg = Release|Any CPU
		{A8D01AFA-DF13-4982-824B-7C0D68D03543}.Release|Any CPU.Build.0 = Release|Any CPU
		{61EC8966-358A-4E6B-B609-7911AEC7FC98}.Debug|Any CPU.ActiveCfg = Debug|Any CPU
		{61EC8966-358A-4E6B-B609-7911AEC7FC98}.Debug|Any CPU.Build.0 = Debug|Any CPU
		{61EC8966-358A-4E6B-B609-7911AEC7FC98}.Release|Any CPU.ActiveCfg = Release|Any CPU
		{61EC8966-358A-4E6B-B609-7911AEC7FC98}.Release|Any CPU.Build.0 = Release|Any CPU
	EndGlobalSection
	GlobalSection(SolutionProperties) = preSolution
		HideSolutionNode = FALSE
	EndGlobalSection
	GlobalSection(ExtensibilityGlobals) = postSolution
		SolutionGuid = {093E4E09-BC02-4663-993D-F7703F7E2AEE}
	EndGlobalSection
EndGlobal
